
Microsoft Visual Studio Solution File, Format Version 12.00
# Visual Studio 15
VisualStudioVersion = 15.0.28307.106
MinimumVisualStudioVersion = 10.0.40219.1
Project("{FAE04EC0-301F-11D3-BF4B-00C04F79EFBC}") = "ServerReverseString", "ServerReverseString\ServerReverseString.csproj", "{8D33723B-3607-43D0-98A8-362A59DCB550}"
EndProject
Project("{FAE04EC0-301F-11D3-BF4B-00C04F79EFBC}") = "ServerReverseString.Test", "ServerReverseString.Test\ServerReverseString.Test.csproj", "{F4960760-4E1B-46A0-8E59-1B0E9608D00B}"
EndProject
Global
	GlobalSection(SolutionConfigurationPlatforms) = preSolution
		Debug|Any CPU = Debug|Any CPU
		Release|Any CPU = Release|Any CPU
	EndGlobalSection
	GlobalSection(ProjectConfigurationPlatforms) = postSolution
		{8D33723B-3607-43D0-98A8-362A59DCB550}.Debug|Any CPU.ActiveCfg = Debug|Any CPU
		{8D33723B-3607-43D0-98A8-362A59DCB550}.Debug|Any CPU.Build.0 = Debug|Any CPU
		{8D33723B-3607-43D0-98A8-362A59DCB550}.Release|Any CPU.ActiveCfg = Release|Any CPU
		{8D33723B-3607-43D0-98A8-362A59DCB550}.Release|Any CPU.Build.0 = Release|Any CPU
		{F4960760-4E1B-46A0-8E59-1B0E9608D00B}.Debug|Any CPU.ActiveCfg = Debug|Any CPU
		{F4960760-4E1B-46A0-8E59-1B0E9608D00B}.Debug|Any CPU.Build.0 = Debug|Any CPU
		{F4960760-4E1B-46A0-8E59-1B0E9608D00B}.Release|Any CPU.ActiveCfg = Release|Any CPU
		{F4960760-4E1B-46A0-8E59-1B0E9608D00B}.Release|Any CPU.Build.0 = Release|Any CPU
	EndGlobalSection
	GlobalSection(SolutionProperties) = preSolution
		HideSolutionNode = FALSE
	EndGlobalSection
	GlobalSection(ExtensibilityGlobals) = postSolution
		SolutionGuid = {0651F6E9-1E46-4D18-B359-1115346E2EAA}
	EndGlobalSection
EndGlobal
